
Microsoft Visual Studio Solution File, Format Version 12.00
# Visual Studio Version 17
VisualStudioVersion = 17.2.32630.192
MinimumVisualStudioVersion = 10.0.40219.1
Project("{9A19103F-16F7-4668-BE54-9A1E7A4F7556}") = "CSharpAPI", "C:\TWS API\source\CSharpClient\client\CSharpAPI.csproj", "{30E7C221-6D45-4BA8-AC36-51C06ECC7C66}"
EndProject
Project("{9A19103F-16F7-4668-BE54-9A1E7A4F7556}") = "Broker", "Broker\Broker.csproj", "{B9A3413C-100F-4DC9-BF7C-83B6B43F3770}"
EndProject
Project("{9A19103F-16F7-4668-BE54-9A1E7A4F7556}") = "Broker.Tests", "Broker.Tests\Broker.Tests.csproj", "{70A524DB-BDE5-4B5E-A223-65575CECA0B5}"
EndProject
Project("{9A19103F-16F7-4668-BE54-9A1E7A4F7556}") = "HistoricalDataGetterApp", "HistoricalDataGetterApp\HistoricalDataGetterApp.csproj", "{311D6756-8E9D-40BF-BC1A-8FAA1E39F752}"
EndProject
Project("{9A19103F-16F7-4668-BE54-9A1E7A4F7556}") = "NLog.TradingBot", "NLog.TradingBot\NLog.TradingBot.csproj", "{C0BA45C4-FAD1-4D42-9D3A-63BF2201DBFD}"
EndProject
Project("{9A19103F-16F7-4668-BE54-9A1E7A4F7556}") = "TraderApp", "TraderApp\TraderApp.csproj", "{9874910E-782E-4968-8B77-500BC8A6637F}"
EndProject
Project("{9A19103F-16F7-4668-BE54-9A1E7A4F7556}") = "BacktesterApp", "BacktesterApp\BacktesterApp.csproj", "{2C3E092B-208A-4ADA-A388-4CA187330B99}"
EndProject
Project("{FAE04EC0-301F-11D3-BF4B-00C04F79EFBC}") = "TradingBot.Private", "..\TradingBot.Private\TradingBot.Private\TradingBot.Private.csproj", "{AD7C4042-0E8A-4677-9F33-3492F90BE7B0}"
EndProject
Global
	GlobalSection(SolutionConfigurationPlatforms) = preSolution
		Debug|Any CPU = Debug|Any CPU
		Release|Any CPU = Release|Any CPU
	EndGlobalSection
	GlobalSection(ProjectConfigurationPlatforms) = postSolution
		{30E7C221-6D45-4BA8-AC36-51C06ECC7C66}.Debug|Any CPU.ActiveCfg = Debug|Any CPU
		{30E7C221-6D45-4BA8-AC36-51C06ECC7C66}.Debug|Any CPU.Build.0 = Debug|Any CPU
		{30E7C221-6D45-4BA8-AC36-51C06ECC7C66}.Release|Any CPU.ActiveCfg = Release|Any CPU
		{30E7C221-6D45-4BA8-AC36-51C06ECC7C66}.Release|Any CPU.Build.0 = Release|Any CPU
		{B9A3413C-100F-4DC9-BF7C-83B6B43F3770}.Debug|Any CPU.ActiveCfg = Debug|Any CPU
		{B9A3413C-100F-4DC9-BF7C-83B6B43F3770}.Debug|Any CPU.Build.0 = Debug|Any CPU
		{B9A3413C-100F-4DC9-BF7C-83B6B43F3770}.Release|Any CPU.ActiveCfg = Release|Any CPU
		{B9A3413C-100F-4DC9-BF7C-83B6B43F3770}.Release|Any CPU.Build.0 = Release|Any CPU
		{70A524DB-BDE5-4B5E-A223-65575CECA0B5}.Debug|Any CPU.ActiveCfg = Debug|Any CPU
		{70A524DB-BDE5-4B5E-A223-65575CECA0B5}.Debug|Any CPU.Build.0 = Debug|Any CPU
		{70A524DB-BDE5-4B5E-A223-65575CECA0B5}.Release|Any CPU.ActiveCfg = Release|Any CPU
		{70A524DB-BDE5-4B5E-A223-65575CECA0B5}.Release|Any CPU.Build.0 = Release|Any CPU
		{311D6756-8E9D-40BF-BC1A-8FAA1E39F752}.Debug|Any CPU.ActiveCfg = Debug|Any CPU
		{311D6756-8E9D-40BF-BC1A-8FAA1E39F752}.Debug|Any CPU.Build.0 = Debug|Any CPU
		{311D6756-8E9D-40BF-BC1A-8FAA1E39F752}.Release|Any CPU.ActiveCfg = Release|Any CPU
		{311D6756-8E9D-40BF-BC1A-8FAA1E39F752}.Release|Any CPU.Build.0 = Release|Any CPU
		{C0BA45C4-FAD1-4D42-9D3A-63BF2201DBFD}.Debug|Any CPU.ActiveCfg = Debug|Any CPU
		{C0BA45C4-FAD1-4D42-9D3A-63BF2201DBFD}.Debug|Any CPU.Build.0 = Debug|Any CPU
		{C0BA45C4-FAD1-4D42-9D3A-63BF2201DBFD}.Release|Any CPU.ActiveCfg = Release|Any CPU
		{C0BA45C4-FAD1-4D42-9D3A-63BF2201DBFD}.Release|Any CPU.Build.0 = Release|Any CPU
		{9874910E-782E-4968-8B77-500BC8A6637F}.Debug|Any CPU.ActiveCfg = Debug|Any CPU
		{9874910E-782E-4968-8B77-500BC8A6637F}.Debug|Any CPU.Build.0 = Debug|Any CPU
		{9874910E-782E-4968-8B77-500BC8A6637F}.Release|Any CPU.ActiveCfg = Release|Any CPU
		{9874910E-782E-4968-8B77-500BC8A6637F}.Release|Any CPU.Build.0 = Release|Any CPU
		{2C3E092B-208A-4ADA-A388-4CA187330B99}.Debug|Any CPU.ActiveCfg = Debug|Any CPU
		{2C3E092B-208A-4ADA-A388-4CA187330B99}.Debug|Any CPU.Build.0 = Debug|Any CPU
		{2C3E092B-208A-4ADA-A388-4CA187330B99}.Release|Any CPU.ActiveCfg = Release|Any CPU
		{2C3E092B-208A-4ADA-A388-4CA187330B99}.Release|Any CPU.Build.0 = Release|Any CPU
		{AD7C4042-0E8A-4677-9F33-3492F90BE7B0}.Debug|Any CPU.ActiveCfg = Debug|Any CPU
		{AD7C4042-0E8A-4677-9F33-3492F90BE7B0}.Debug|Any CPU.Build.0 = Debug|Any CPU
		{AD7C4042-0E8A-4677-9F33-3492F90BE7B0}.Release|Any CPU.ActiveCfg = Release|Any CPU
		{AD7C4042-0E8A-4677-9F33-3492F90BE7B0}.Release|Any CPU.Build.0 = Release|Any CPU
	EndGlobalSection
	GlobalSection(SolutionProperties) = preSolution
		HideSolutionNode = FALSE
	EndGlobalSection
	GlobalSection(ExtensibilityGlobals) = postSolution
		SolutionGuid = {98D8668D-864C-45C1-98F8-A42EB8DC5E0E}
	EndGlobalSection
EndGlobal
