
Microsoft Visual Studio Solution File, Format Version 12.00
# Visual Studio Version 17
VisualStudioVersion = 17.2.32630.192
MinimumVisualStudioVersion = 10.0.40219.1
Project("{9A19103F-16F7-4668-BE54-9A1E7A4F7556}") = "TradingBot", "src\TradingBot.csproj", "{2C6E18C3-D7FC-4145-8E0F-60D5604B190E}"
	ProjectSection(ProjectDependencies) = postProject
		{FCC1FDE2-AC8C-4F0C-AA9A-A61585A267C6} = {FCC1FDE2-AC8C-4F0C-AA9A-A61585A267C6}
	EndProjectSection
EndProject
Project("{9A19103F-16F7-4668-BE54-9A1E7A4F7556}") = "CSharpAPI", "C:\TWS API\source\CSharpClient\client\CSharpAPI.csproj", "{FCC1FDE2-AC8C-4F0C-AA9A-A61585A267C6}"
EndProject
Project("{9A19103F-16F7-4668-BE54-9A1E7A4F7556}") = "DevTesting", "DevTesting\DevTesting.csproj", "{C7B2E750-72B9-4311-9369-7D1CF6DF778E}"
EndProject
Project("{9A19103F-16F7-4668-BE54-9A1E7A4F7556}") = "Backtester", "Backtester\Backtester.csproj", "{C09F6AD6-D647-4FC8-B97A-8199615E5D9B}"
EndProject
Project("{9A19103F-16F7-4668-BE54-9A1E7A4F7556}") = "HistoricalDataFetcher", "HistoricalDataFetcher\HistoricalDataFetcher.csproj", "{CC8AA39C-DD0F-4BBA-8645-D85C5FF59C0D}"
EndProject
Project("{9A19103F-16F7-4668-BE54-9A1E7A4F7556}") = "Tests", "Tests\Tests.csproj", "{0C28DC91-24D4-4325-8FEF-698FB8145F99}"
EndProject
Project("{FAE04EC0-301F-11D3-BF4B-00C04F79EFBC}") = "HistoricalDataToDb", "HistoricalDataToDb\HistoricalDataToDb.csproj", "{6E027B63-727C-4B32-8719-9D4125A382B8}"
EndProject
Global
	GlobalSection(SolutionConfigurationPlatforms) = preSolution
		Debug|Any CPU = Debug|Any CPU
		Release|Any CPU = Release|Any CPU
	EndGlobalSection
	GlobalSection(ProjectConfigurationPlatforms) = postSolution
		{2C6E18C3-D7FC-4145-8E0F-60D5604B190E}.Debug|Any CPU.ActiveCfg = Debug|Any CPU
		{2C6E18C3-D7FC-4145-8E0F-60D5604B190E}.Debug|Any CPU.Build.0 = Debug|Any CPU
		{2C6E18C3-D7FC-4145-8E0F-60D5604B190E}.Release|Any CPU.ActiveCfg = Release|Any CPU
		{2C6E18C3-D7FC-4145-8E0F-60D5604B190E}.Release|Any CPU.Build.0 = Release|Any CPU
		{FCC1FDE2-AC8C-4F0C-AA9A-A61585A267C6}.Debug|Any CPU.ActiveCfg = Debug|Any CPU
		{FCC1FDE2-AC8C-4F0C-AA9A-A61585A267C6}.Debug|Any CPU.Build.0 = Debug|Any CPU
		{FCC1FDE2-AC8C-4F0C-AA9A-A61585A267C6}.Release|Any CPU.ActiveCfg = Release|Any CPU
		{FCC1FDE2-AC8C-4F0C-AA9A-A61585A267C6}.Release|Any CPU.Build.0 = Release|Any CPU
		{C7B2E750-72B9-4311-9369-7D1CF6DF778E}.Debug|Any CPU.ActiveCfg = Debug|Any CPU
		{C7B2E750-72B9-4311-9369-7D1CF6DF778E}.Debug|Any CPU.Build.0 = Debug|Any CPU
		{C7B2E750-72B9-4311-9369-7D1CF6DF778E}.Release|Any CPU.ActiveCfg = Release|Any CPU
		{C7B2E750-72B9-4311-9369-7D1CF6DF778E}.Release|Any CPU.Build.0 = Release|Any CPU
		{C09F6AD6-D647-4FC8-B97A-8199615E5D9B}.Debug|Any CPU.ActiveCfg = Debug|Any CPU
		{C09F6AD6-D647-4FC8-B97A-8199615E5D9B}.Debug|Any CPU.Build.0 = Debug|Any CPU
		{C09F6AD6-D647-4FC8-B97A-8199615E5D9B}.Release|Any CPU.ActiveCfg = Release|Any CPU
		{C09F6AD6-D647-4FC8-B97A-8199615E5D9B}.Release|Any CPU.Build.0 = Release|Any CPU
		{CC8AA39C-DD0F-4BBA-8645-D85C5FF59C0D}.Debug|Any CPU.ActiveCfg = Debug|Any CPU
		{CC8AA39C-DD0F-4BBA-8645-D85C5FF59C0D}.Debug|Any CPU.Build.0 = Debug|Any CPU
		{CC8AA39C-DD0F-4BBA-8645-D85C5FF59C0D}.Release|Any CPU.ActiveCfg = Release|Any CPU
		{CC8AA39C-DD0F-4BBA-8645-D85C5FF59C0D}.Release|Any CPU.Build.0 = Release|Any CPU
		{0C28DC91-24D4-4325-8FEF-698FB8145F99}.Debug|Any CPU.ActiveCfg = Debug|Any CPU
		{0C28DC91-24D4-4325-8FEF-698FB8145F99}.Debug|Any CPU.Build.0 = Debug|Any CPU
		{0C28DC91-24D4-4325-8FEF-698FB8145F99}.Release|Any CPU.ActiveCfg = Release|Any CPU
		{0C28DC91-24D4-4325-8FEF-698FB8145F99}.Release|Any CPU.Build.0 = Release|Any CPU
		{6E027B63-727C-4B32-8719-9D4125A382B8}.Debug|Any CPU.ActiveCfg = Debug|Any CPU
		{6E027B63-727C-4B32-8719-9D4125A382B8}.Debug|Any CPU.Build.0 = Debug|Any CPU
		{6E027B63-727C-4B32-8719-9D4125A382B8}.Release|Any CPU.ActiveCfg = Release|Any CPU
		{6E027B63-727C-4B32-8719-9D4125A382B8}.Release|Any CPU.Build.0 = Release|Any CPU
	EndGlobalSection
	GlobalSection(SolutionProperties) = preSolution
		HideSolutionNode = FALSE
	EndGlobalSection
	GlobalSection(ExtensibilityGlobals) = postSolution
		SolutionGuid = {98D8668D-864C-45C1-98F8-A42EB8DC5E0E}
	EndGlobalSection
EndGlobal
